// !$*UTF8*$!
{
	archiveVersion = 1;
	classes = {
	};
	objectVersion = 46;
	objects = {

/* Begin PBXBuildFile section */
		CCC762C71CE1E9B700B0C419 /* main.m in Sources */ = {isa = PBXBuildFile; fileRef = CCC762C61CE1E9B700B0C419 /* main.m */; };
		CCC762CA1CE1E9B700B0C419 /* AppDelegate.m in Sources */ = {isa = PBXBuildFile; fileRef = CCC762C91CE1E9B700B0C419 /* AppDelegate.m */; };
		CCC762CD1CE1E9B700B0C419 /* ViewController.m in Sources */ = {isa = PBXBuildFile; fileRef = CCC762CC1CE1E9B700B0C419 /* ViewController.m */; };
		CCC762D01CE1E9B700B0C419 /* Main.storyboard in Resources */ = {isa = PBXBuildFile; fileRef = CCC762CE1CE1E9B700B0C419 /* Main.storyboard */; };
		CCC762D21CE1E9B700B0C419 /* Assets.xcassets in Resources */ = {isa = PBXBuildFile; fileRef = CCC762D11CE1E9B700B0C419 /* Assets.xcassets */; };
		CCC762D51CE1E9B700B0C419 /* LaunchScreen.storyboard in Resources */ = {isa = PBXBuildFile; fileRef = CCC762D31CE1E9B700B0C419 /* LaunchScreen.storyboard */; };
		CCC762E01CE1E9B700B0C419 /* CurvyMoonTests.m in Sources */ = {isa = PBXBuildFile; fileRef = CCC762DF1CE1E9B700B0C419 /* CurvyMoonTests.m */; };
		CCC762EB1CE1E9B700B0C419 /* CurvyMoonUITests.m in Sources */ = {isa = PBXBuildFile; fileRef = CCC762EA1CE1E9B700B0C419 /* CurvyMoonUITests.m */; };
/* End PBXBuildFile section */

/* Begin PBXContainerItemProxy section */
		CCC762DC1CE1E9B700B0C419 /* PBXContainerItemProxy */ = {
			isa = PBXContainerItemProxy;
			containerPortal = CCC762BA1CE1E9B700B0C419 /* Project object */;
			proxyType = 1;
			remoteGlobalIDString = CCC762C11CE1E9B700B0C419;
			remoteInfo = CurvyMoon;
		};
		CCC762E71CE1E9B700B0C419 /* PBXContainerItemProxy */ = {
			isa = PBXContainerItemProxy;
			containerPortal = CCC762BA1CE1E9B700B0C419 /* Project object */;
			proxyType = 1;
			remoteGlobalIDString = CCC762C11CE1E9B700B0C419;
			remoteInfo = CurvyMoon;
		};
/* End PBXContainerItemProxy section */

/* Begin PBXFileReference section */
		CCC762C21CE1E9B700B0C419 /* CurvyMoon.app */ = {isa = PBXFileReference; explicitFileType = wrapper.application; includeInIndex = 0; path = CurvyMoon.app; sourceTree = BUILT_PRODUCTS_DIR; };
		CCC762C61CE1E9B700B0C419 /* main.m */ = {isa = PBXFileReference; lastKnownFileType = sourcecode.c.objc; path = main.m; sourceTree = "<group>"; };
		CCC762C81CE1E9B700B0C419 /* AppDelegate.h */ = {isa = PBXFileReference; lastKnownFileType = sourcecode.c.h; path = AppDelegate.h; sourceTree = "<group>"; };
		CCC762C91CE1E9B700B0C419 /* AppDelegate.m */ = {isa = PBXFileReference; lastKnownFileType = sourcecode.c.objc; path = AppDelegate.m; sourceTree = "<group>"; };
		CCC762CB1CE1E9B700B0C419 /* ViewController.h */ = {isa = PBXFileReference; lastKnownFileType = sourcecode.c.h; path = ViewController.h; sourceTree = "<group>"; };
		CCC762CC1CE1E9B700B0C419 /* ViewController.m */ = {isa = PBXFileReference; lastKnownFileType = sourcecode.c.objc; path = ViewController.m; sourceTree = "<group>"; };
		CCC762CF1CE1E9B700B0C419 /* Base */ = {isa = PBXFileReference; lastKnownFileType = file.storyboard; name = Base; path = Base.lproj/Main.storyboard; sourceTree = "<group>"; };
		CCC762D11CE1E9B700B0C419 /* Assets.xcassets */ = {isa = PBXFileReference; lastKnownFileType = folder.assetcatalog; path = Assets.xcassets; sourceTree = "<group>"; };
		CCC762D41CE1E9B700B0C419 /* Base */ = {isa = PBXFileReference; lastKnownFileType = file.storyboard; name = Base; path = Base.lproj/LaunchScreen.storyboard; sourceTree = "<group>"; };
		CCC762D61CE1E9B700B0C419 /* Info.plist */ = {isa = PBXFileReference; lastKnownFileType = text.plist.xml; path = Info.plist; sourceTree = "<group>"; };
		CCC762DB1CE1E9B700B0C419 /* CurvyMoonTests.xctest */ = {isa = PBXFileReference; explicitFileType = wrapper.cfbundle; includeInIndex = 0; path = CurvyMoonTests.xctest; sourceTree = BUILT_PRODUCTS_DIR; };
		CCC762DF1CE1E9B700B0C419 /* CurvyMoonTests.m */ = {isa = PBXFileReference; lastKnownFileType = sourcecode.c.objc; path = CurvyMoonTests.m; sourceTree = "<group>"; };
		CCC762E11CE1E9B700B0C419 /* Info.plist */ = {isa = PBXFileReference; lastKnownFileType = text.plist.xml; path = Info.plist; sourceTree = "<group>"; };
		CCC762E61CE1E9B700B0C419 /* CurvyMoonUITests.xctest */ = {isa = PBXFileReference; explicitFileType = wrapper.cfbundle; includeInIndex = 0; path = CurvyMoonUITests.xctest; sourceTree = BUILT_PRODUCTS_DIR; };
		CCC762EA1CE1E9B700B0C419 /* CurvyMoonUITests.m */ = {isa = PBXFileReference; lastKnownFileType = sourcecode.c.objc; path = CurvyMoonUITests.m; sourceTree = "<group>"; };
		CCC762EC1CE1E9B700B0C419 /* Info.plist */ = {isa = PBXFileReference; lastKnownFileType = text.plist.xml; path = Info.plist; sourceTree = "<group>"; };
/* End PBXFileReference section */

/* Begin PBXFrameworksBuildPhase section */
		CCC762BF1CE1E9B700B0C419 /* Frameworks */ = {
			isa = PBXFrameworksBuildPhase;
			buildActionMask = 2147483647;
			files = (
			);
			runOnlyForDeploymentPostprocessing = 0;
		};
		CCC762D81CE1E9B700B0C419 /* Frameworks */ = {
			isa = PBXFrameworksBuildPhase;
			buildActionMask = 2147483647;
			files = (
			);
			runOnlyForDeploymentPostprocessing = 0;
		};
		CCC762E31CE1E9B700B0C419 /* Frameworks */ = {
			isa = PBXFrameworksBuildPhase;
			buildActionMask = 2147483647;
			files = (
			);
			runOnlyForDeploymentPostprocessing = 0;
		};
/* End PBXFrameworksBuildPhase section */

/* Begin PBXGroup section */
		CCC762B91CE1E9B700B0C419 = {
			isa = PBXGroup;
			children = (
				CCC762C41CE1E9B700B0C419 /* CurvyMoon */,
				CCC762DE1CE1E9B700B0C419 /* CurvyMoonTests */,
				CCC762E91CE1E9B700B0C419 /* CurvyMoonUITests */,
				CCC762C31CE1E9B700B0C419 /* Products */,
			);
			sourceTree = "<group>";
		};
		CCC762C31CE1E9B700B0C419 /* Products */ = {
			isa = PBXGroup;
			children = (
				CCC762C21CE1E9B700B0C419 /* CurvyMoon.app */,
				CCC762DB1CE1E9B700B0C419 /* CurvyMoonTests.xctest */,
				CCC762E61CE1E9B700B0C419 /* CurvyMoonUITests.xctest */,
			);
			name = Products;
			sourceTree = "<group>";
		};
		CCC762C41CE1E9B700B0C419 /* CurvyMoon */ = {
			isa = PBXGroup;
			children = (
				CCC762C81CE1E9B700B0C419 /* AppDelegate.h */,
				CCC762C91CE1E9B700B0C419 /* AppDelegate.m */,
				CCC762CB1CE1E9B700B0C419 /* ViewController.h */,
				CCC762CC1CE1E9B700B0C419 /* ViewController.m */,
				CCC762CE1CE1E9B700B0C419 /* Main.storyboard */,
				CCC762D11CE1E9B700B0C419 /* Assets.xcassets */,
				CCC762D31CE1E9B700B0C419 /* LaunchScreen.storyboard */,
				CCC762D61CE1E9B700B0C419 /* Info.plist */,
				CCC762C51CE1E9B700B0C419 /* Supporting Files */,
			);
			path = CurvyMoon;
			sourceTree = "<group>";
		};
		CCC762C51CE1E9B700B0C419 /* Supporting Files */ = {
			isa = PBXGroup;
			children = (
				CCC762C61CE1E9B700B0C419 /* main.m */,
			);
			name = "Supporting Files";
			sourceTree = "<group>";
		};
		CCC762DE1CE1E9B700B0C419 /* CurvyMoonTests */ = {
			isa = PBXGroup;
			children = (
				CCC762DF1CE1E9B700B0C419 /* CurvyMoonTests.m */,
				CCC762E11CE1E9B700B0C419 /* Info.plist */,
			);
			path = CurvyMoonTests;
			sourceTree = "<group>";
		};
		CCC762E91CE1E9B700B0C419 /* CurvyMoonUITests */ = {
			isa = PBXGroup;
			children = (
				CCC762EA1CE1E9B700B0C419 /* CurvyMoonUITests.m */,
				CCC762EC1CE1E9B700B0C419 /* Info.plist */,
			);
			path = CurvyMoonUITests;
			sourceTree = "<group>";
		};
/* End PBXGroup section */

/* Begin PBXNativeTarget section */
		CCC762C11CE1E9B700B0C419 /* CurvyMoon */ = {
			isa = PBXNativeTarget;
			buildConfigurationList = CCC762EF1CE1E9B700B0C419 /* Build configuration list for PBXNativeTarget "CurvyMoon" */;
			buildPhases = (
				CCC762BE1CE1E9B700B0C419 /* Sources */,
				CCC762BF1CE1E9B700B0C419 /* Frameworks */,
				CCC762C01CE1E9B700B0C419 /* Resources */,
			);
			buildRules = (
			);
			dependencies = (
			);
			name = CurvyMoon;
			productName = CurvyMoon;
			productReference = CCC762C21CE1E9B700B0C419 /* CurvyMoon.app */;
			productType = "com.apple.product-type.application";
		};
		CCC762DA1CE1E9B700B0C419 /* CurvyMoonTests */ = {
			isa = PBXNativeTarget;
			buildConfigurationList = CCC762F21CE1E9B700B0C419 /* Build configuration list for PBXNativeTarget "CurvyMoonTests" */;
			buildPhases = (
				CCC762D71CE1E9B700B0C419 /* Sources */,
				CCC762D81CE1E9B700B0C419 /* Frameworks */,
				CCC762D91CE1E9B700B0C419 /* Resources */,
			);
			buildRules = (
			);
			dependencies = (
				CCC762DD1CE1E9B700B0C419 /* PBXTargetDependency */,
			);
			name = CurvyMoonTests;
			productName = CurvyMoonTests;
			productReference = CCC762DB1CE1E9B700B0C419 /* CurvyMoonTests.xctest */;
			productType = "com.apple.product-type.bundle.unit-test";
		};
		CCC762E51CE1E9B700B0C419 /* CurvyMoonUITests */ = {
			isa = PBXNativeTarget;
			buildConfigurationList = CCC762F51CE1E9B700B0C419 /* Build configuration list for PBXNativeTarget "CurvyMoonUITests" */;
			buildPhases = (
				CCC762E21CE1E9B700B0C419 /* Sources */,
				CCC762E31CE1E9B700B0C419 /* Frameworks */,
				CCC762E41CE1E9B700B0C419 /* Resources */,
			);
			buildRules = (
			);
			dependencies = (
				CCC762E81CE1E9B700B0C419 /* PBXTargetDependency */,
			);
			name = CurvyMoonUITests;
			productName = CurvyMoonUITests;
			productReference = CCC762E61CE1E9B700B0C419 /* CurvyMoonUITests.xctest */;
			productType = "com.apple.product-type.bundle.ui-testing";
		};
/* End PBXNativeTarget section */

/* Begin PBXProject section */
		CCC762BA1CE1E9B700B0C419 /* Project object */ = {
			isa = PBXProject;
			attributes = {
				LastUpgradeCheck = 0720;
				ORGANIZATIONNAME = qingyun;
				TargetAttributes = {
					CCC762C11CE1E9B700B0C419 = {
						CreatedOnToolsVersion = 7.2;
					};
					CCC762DA1CE1E9B700B0C419 = {
						CreatedOnToolsVersion = 7.2;
						TestTargetID = CCC762C11CE1E9B700B0C419;
					};
					CCC762E51CE1E9B700B0C419 = {
						CreatedOnToolsVersion = 7.2;
						TestTargetID = CCC762C11CE1E9B700B0C419;
					};
				};
			};
			buildConfigurationList = CCC762BD1CE1E9B700B0C419 /* Build configuration list for PBXProject "CurvyMoon" */;
			compatibilityVersion = "Xcode 3.2";
			developmentRegion = English;
			hasScannedForEncodings = 0;
			knownRegions = (
				en,
				Base,
			);
			mainGroup = CCC762B91CE1E9B700B0C419;
			productRefGroup = CCC762C31CE1E9B700B0C419 /* Products */;
			projectDirPath = "";
			projectRoot = "";
			targets = (
				CCC762C11CE1E9B700B0C419 /* CurvyMoon */,
				CCC762DA1CE1E9B700B0C419 /* CurvyMoonTests */,
				CCC762E51CE1E9B700B0C419 /* CurvyMoonUITests */,
			);
		};
/* End PBXProject section */

/* Begin PBXResourcesBuildPhase section */
		CCC762C01CE1E9B700B0C419 /* Resources */ = {
			isa = PBXResourcesBuildPhase;
			buildActionMask = 2147483647;
			files = (
				CCC762D51CE1E9B700B0C419 /* LaunchScreen.storyboard in Resources */,
				CCC762D21CE1E9B700B0C419 /* Assets.xcassets in Resources */,
				CCC762D01CE1E9B700B0C419 /* Main.storyboard in Resources */,
			);
			runOnlyForDeploymentPostprocessing = 0;
		};
		CCC762D91CE1E9B700B0C419 /* Resources */ = {
			isa = PBXResourcesBuildPhase;
			buildActionMask = 2147483647;
			files = (
			);
			runOnlyForDeploymentPostprocessing = 0;
		};
		CCC762E41CE1E9B700B0C419 /* Resources */ = {
			isa = PBXResourcesBuildPhase;
			buildActionMask = 2147483647;
			files = (
			);
			runOnlyForDeploymentPostprocessing = 0;
		};
/* End PBXResourcesBuildPhase section */

/* Begin PBXSourcesBuildPhase section */
		CCC762BE1CE1E9B700B0C419 /* Sources */ = {
			isa = PBXSourcesBuildPhase;
			buildActionMask = 2147483647;
			files = (
				CCC762CD1CE1E9B700B0C419 /* ViewController.m in Sources */,
				CCC762CA1CE1E9B700B0C419 /* AppDelegate.m in Sources */,
				CCC762C71CE1E9B700B0C419 /* main.m in Sources */,
			);
			runOnlyForDeploymentPostprocessing = 0;
		};
		CCC762D71CE1E9B700B0C419 /* Sources */ = {
			isa = PBXSourcesBuildPhase;
			buildActionMask = 2147483647;
			files = (
				CCC762E01CE1E9B700B0C419 /* CurvyMoonTests.m in Sources */,
			);
			runOnlyForDeploymentPostprocessing = 0;
		};
		CCC762E21CE1E9B700B0C419 /* Sources */ = {
			isa = PBXSourcesBuildPhase;
			buildActionMask = 2147483647;
			files = (
				CCC762EB1CE1E9B700B0C419 /* CurvyMoonUITests.m in Sources */,
			);
			runOnlyForDeploymentPostprocessing = 0;
		};
/* End PBXSourcesBuildPhase section */

/* Begin PBXTargetDependency section */
		CCC762DD1CE1E9B700B0C419 /* PBXTargetDependency */ = {
			isa = PBXTargetDependency;
			target = CCC762C11CE1E9B700B0C419 /* CurvyMoon */;
			targetProxy = CCC762DC1CE1E9B700B0C419 /* PBXContainerItemProxy */;
		};
		CCC762E81CE1E9B700B0C419 /* PBXTargetDependency */ = {
			isa = PBXTargetDependency;
			target = CCC762C11CE1E9B700B0C419 /* CurvyMoon */;
			targetProxy = CCC762E71CE1E9B700B0C419 /* PBXContainerItemProxy */;
		};
/* End PBXTargetDependency section */

/* Begin PBXVariantGroup section */
		CCC762CE1CE1E9B700B0C419 /* Main.storyboard */ = {
			isa = PBXVariantGroup;
			children = (
				CCC762CF1CE1E9B700B0C419 /* Base */,
			);
			name = Main.storyboard;
			sourceTree = "<group>";
		};
		CCC762D31CE1E9B700B0C419 /* LaunchScreen.storyboard */ = {
			isa = PBXVariantGroup;
			children = (
				CCC762D41CE1E9B700B0C419 /* Base */,
			);
			name = LaunchScreen.storyboard;
			sourceTree = "<group>";
		};
/* End PBXVariantGroup section */

/* Begin XCBuildConfiguration section */
		CCC762ED1CE1E9B700B0C419 /* Debug */ = {
			isa = XCBuildConfiguration;
			buildSettings = {
				ALWAYS_SEARCH_USER_PATHS = NO;
				CLANG_CXX_LANGUAGE_STANDARD = "gnu++0x";
				CLANG_CXX_LIBRARY = "libc++";
				CLANG_ENABLE_MODULES = YES;
				CLANG_ENABLE_OBJC_ARC = YES;
				CLANG_WARN_BOOL_CONVERSION = YES;
				CLANG_WARN_CONSTANT_CONVERSION = YES;
				CLANG_WARN_DIRECT_OBJC_ISA_USAGE = YES_ERROR;
				CLANG_WARN_EMPTY_BODY = YES;
				CLANG_WARN_ENUM_CONVERSION = YES;
				CLANG_WARN_INT_CONVERSION = YES;
				CLANG_WARN_OBJC_ROOT_CLASS = YES_ERROR;
				CLANG_WARN_UNREACHABLE_CODE = YES;
				CLANG_WARN__DUPLICATE_METHOD_MATCH = YES;
				"CODE_SIGN_IDENTITY[sdk=iphoneos*]" = "iPhone Developer";
				COPY_PHASE_STRIP = NO;
				DEBUG_INFORMATION_FORMAT = dwarf;
				ENABLE_STRICT_OBJC_MSGSEND = YES;
				ENABLE_TESTABILITY = YES;
				GCC_C_LANGUAGE_STANDARD = gnu99;
				GCC_DYNAMIC_NO_PIC = NO;
				GCC_NO_COMMON_BLOCKS = YES;
				GCC_OPTIMIZATION_LEVEL = 0;
				GCC_PREPROCESSOR_DEFINITIONS = (
					"DEBUG=1",
					"$(inherited)",
				);
				GCC_WARN_64_TO_32_BIT_CONVERSION = YES;
				GCC_WARN_ABOUT_RETURN_TYPE = YES_ERROR;
				GCC_WARN_UNDECLARED_SELECTOR = YES;
				GCC_WARN_UNINITIALIZED_AUTOS = YES_AGGRESSIVE;
				GCC_WARN_UNUSED_FUNCTION = YES;
				GCC_WARN_UNUSED_VARIABLE = YES;
				IPHONEOS_DEPLOYMENT_TARGET = 9.2;
				MTL_ENABLE_DEBUG_INFO = YES;
				ONLY_ACTIVE_ARCH = YES;
				SDKROOT = iphoneos;
				TARGETED_DEVICE_FAMILY = "1,2";
			};
			name = Debug;
		};
		CCC762EE1CE1E9B700B0C419 /* Release */ = {
			isa = XCBuildConfiguration;
			buildSettings = {
				ALWAYS_SEARCH_USER_PATHS = NO;
				CLANG_CXX_LANGUAGE_STANDARD = "gnu++0x";
				CLANG_CXX_LIBRARY = "libc++";
				CLANG_ENABLE_MODULES = YES;
				CLANG_ENABLE_OBJC_ARC = YES;
				CLANG_WARN_BOOL_CONVERSION = YES;
				CLANG_WARN_CONSTANT_CONVERSION = YES;
				CLANG_WARN_DIRECT_OBJC_ISA_USAGE = YES_ERROR;
				CLANG_WARN_EMPTY_BODY = YES;
				CLANG_WARN_ENUM_CONVERSION = YES;
				CLANG_WARN_INT_CONVERSION = YES;
				CLANG_WARN_OBJC_ROOT_CLASS = YES_ERROR;
				CLANG_WARN_UNREACHABLE_CODE = YES;
				CLANG_WARN__DUPLICATE_METHOD_MATCH = YES;
				"CODE_SIGN_IDENTITY[sdk=iphoneos*]" = "iPhone Developer";
				COPY_PHASE_STRIP = NO;
				DEBUG_INFORMATION_FORMAT = "dwarf-with-dsym";
				ENABLE_NS_ASSERTIONS = NO;
				ENABLE_STRICT_OBJC_MSGSEND = YES;
				GCC_C_LANGUAGE_STANDARD = gnu99;
				GCC_NO_COMMON_BLOCKS = YES;
				GCC_WARN_64_TO_32_BIT_CONVERSION = YES;
				GCC_WARN_ABOUT_RETURN_TYPE = YES_ERROR;
				GCC_WARN_UNDECLARED_SELECTOR = YES;
				GCC_WARN_UNINITIALIZED_AUTOS = YES_AGGRESSIVE;
				GCC_WARN_UNUSED_FUNCTION = YES;
				GCC_WARN_UNUSED_VARIABLE = YES;
				IPHONEOS_DEPLOYMENT_TARGET = 9.2;
				MTL_ENABLE_DEBUG_INFO = NO;
				SDKROOT = iphoneos;
				TARGETED_DEVICE_FAMILY = "1,2";
				VALIDATE_PRODUCT = YES;
			};
			name = Release;
		};
		CCC762F01CE1E9B700B0C419 /* Debug */ = {
			isa = XCBuildConfiguration;
			buildSettings = {
				ASSETCATALOG_COMPILER_APPICON_NAME = AppIcon;
				INFOPLIST_FILE = CurvyMoon/Info.plist;
				LD_RUNPATH_SEARCH_PATHS = "$(inherited) @executable_path/Frameworks";
				PRODUCT_BUNDLE_IDENTIFIER = com.qingyun.CurvyMoon.CurvyMoon;
				PRODUCT_NAME = "$(TARGET_NAME)";
			};
			name = Debug;
		};
		CCC762F11CE1E9B700B0C419 /* Release */ = {
			isa = XCBuildConfiguration;
			buildSettings = {
				ASSETCATALOG_COMPILER_APPICON_NAME = AppIcon;
				INFOPLIST_FILE = CurvyMoon/Info.plist;
				LD_RUNPATH_SEARCH_PATHS = "$(inherited) @executable_path/Frameworks";
				PRODUCT_BUNDLE_IDENTIFIER = com.qingyun.CurvyMoon.CurvyMoon;
				PRODUCT_NAME = "$(TARGET_NAME)";
			};
			name = Release;
		};
		CCC762F31CE1E9B700B0C419 /* Debug */ = {
			isa = XCBuildConfiguration;
			buildSettings = {
				BUNDLE_LOADER = "$(TEST_HOST)";
				INFOPLIST_FILE = CurvyMoonTests/Info.plist;
				LD_RUNPATH_SEARCH_PATHS = "$(inherited) @executable_path/Frameworks @loader_path/Frameworks";
				PRODUCT_BUNDLE_IDENTIFIER = com.qingyun.CurvyMoon.CurvyMoonTests;
				PRODUCT_NAME = "$(TARGET_NAME)";
				TEST_HOST = "$(BUILT_PRODUCTS_DIR)/CurvyMoon.app/CurvyMoon";
			};
			name = Debug;
		};
		CCC762F41CE1E9B700B0C419 /* Release */ = {
			isa = XCBuildConfiguration;
			buildSettings = {
				BUNDLE_LOADER = "$(TEST_HOST)";
				INFOPLIST_FILE = CurvyMoonTests/Info.plist;
				LD_RUNPATH_SEARCH_PATHS = "$(inherited) @executable_path/Frameworks @loader_path/Frameworks";
				PRODUCT_BUNDLE_IDENTIFIER = com.qingyun.CurvyMoon.CurvyMoonTests;
				PRODUCT_NAME = "$(TARGET_NAME)";
				TEST_HOST = "$(BUILT_PRODUCTS_DIR)/CurvyMoon.app/CurvyMoon";
			};
			name = Release;
		};
		CCC762F61CE1E9B700B0C419 /* Debug */ = {
			isa = XCBuildConfiguration;
			buildSettings = {
				INFOPLIST_FILE = CurvyMoonUITests/Info.plist;
				LD_RUNPATH_SEARCH_PATHS = "$(inherited) @executable_path/Frameworks @loader_path/Frameworks";
				PRODUCT_BUNDLE_IDENTIFIER = com.qingyun.CurvyMoon.CurvyMoonUITests;
				PRODUCT_NAME = "$(TARGET_NAME)";
				TEST_TARGET_NAME = CurvyMoon;
				USES_XCTRUNNER = YES;
			};
			name = Debug;
		};
		CCC762F71CE1E9B700B0C419 /* Release */ = {
			isa = XCBuildConfiguration;
			buildSettings = {
				INFOPLIST_FILE = CurvyMoonUITests/Info.plist;
				LD_RUNPATH_SEARCH_PATHS = "$(inherited) @executable_path/Frameworks @loader_path/Frameworks";
				PRODUCT_BUNDLE_IDENTIFIER = com.qingyun.CurvyMoon.CurvyMoonUITests;
				PRODUCT_NAME = "$(TARGET_NAME)";
				TEST_TARGET_NAME = CurvyMoon;
				USES_XCTRUNNER = YES;
			};
			name = Release;
		};
/* End XCBuildConfiguration section */

/* Begin XCConfigurationList section */
		CCC762BD1CE1E9B700B0C419 /* Build configuration list for PBXProject "CurvyMoon" */ = {
			isa = XCConfigurationList;
			buildConfigurations = (
				CCC762ED1CE1E9B700B0C419 /* Debug */,
				CCC762EE1CE1E9B700B0C419 /* Release */,
			);
			defaultConfigurationIsVisible = 0;
			defaultConfigurationName = Release;
		};
		CCC762EF1CE1E9B700B0C419 /* Build configuration list for PBXNativeTarget "CurvyMoon" */ = {
			isa = XCConfigurationList;
			buildConfigurations = (
				CCC762F01CE1E9B700B0C419 /* Debug */,
				CCC762F11CE1E9B700B0C419 /* Release */,
			);
			defaultConfigurationIsVisible = 0;
		};
		CCC762F21CE1E9B700B0C419 /* Build configuration list for PBXNativeTarget "CurvyMoonTests" */ = {
			isa = XCConfigurationList;
			buildConfigurations = (
				CCC762F31CE1E9B700B0C419 /* Debug */,
				CCC762F41CE1E9B700B0C419 /* Release */,
			);
			defaultConfigurationIsVisible = 0;
		};
		CCC762F51CE1E9B700B0C419 /* Build configuration list for PBXNativeTarget "CurvyMoonUITests" */ = {
			isa = XCConfigurationList;
			buildConfigurations = (
				CCC762F61CE1E9B700B0C419 /* Debug */,
				CCC762F71CE1E9B700B0C419 /* Release */,
			);
			defaultConfigurationIsVisible = 0;
		};
/* End XCConfigurationList section */
	};
	rootObject = CCC762BA1CE1E9B700B0C419 /* Project object */;
}
